
Microsoft Visual Studio Solution File, Format Version 12.00
# Visual Studio 14
VisualStudioVersion = 14.0.25420.1
MinimumVisualStudioVersion = 10.0.40219.1
Project("{FAE04EC0-301F-11D3-BF4B-00C04F79EFBC}") = "ANetEmvDesktopSdk.Sample", "ANetEmvDesktopSdk.Sample\ANetEmvDesktopSdk.Sample.csproj", "{4A4382EE-4736-45B2-8122-E91615B48AEE}"
EndProject
Global
	GlobalSection(SolutionConfigurationPlatforms) = preSolution
		Debug|Any CPU = Debug|Any CPU
		Release|Any CPU = Release|Any CPU
	EndGlobalSection
	GlobalSection(ProjectConfigurationPlatforms) = postSolution
		{4A4382EE-4736-45B2-8122-E91615B48AEE}.Debug|Any CPU.ActiveCfg = Debug|Any CPU
		{4A4382EE-4736-45B2-8122-E91615B48AEE}.Debug|Any CPU.Build.0 = Debug|Any CPU
		{4A4382EE-4736-45B2-8122-E91615B48AEE}.Release|Any CPU.ActiveCfg = Release|Any CPU
		{4A4382EE-4736-45B2-8122-E91615B48AEE}.Release|Any CPU.Build.0 = Release|Any CPU
	EndGlobalSection
	GlobalSection(SolutionProperties) = preSolution
		HideSolutionNode = FALSE
	EndGlobalSection
EndGlobal
